{
  "version": 4,
  "terraform_version": "1.10.5",
  "serial": 42,
  "lineage": "b6328695-baa2-c538-c1f8-07be454aed4f",
  "outputs": {},
  "resources": [
    {
      "mode": "managed",
      "type": "aws_eks_cluster",
      "name": "aws_eks",
      "provider": "provider[\"registry.terraform.io/hashicorp/aws\"]",
      "instances": [
        {
          "schema_version": 1,
          "attributes": {
            "access_config": [
              {
                "authentication_mode": "CONFIG_MAP",
                "bootstrap_cluster_creator_admin_permissions": true
              }
            ],
            "arn": "arn:aws:eks:eu-west-1:396608773722:cluster/eks_cluster_cartrawler",
            "bootstrap_self_managed_addons": true,
            "certificate_authority": [
              {
                "data": "LS0tLS1CRUdJTiBDRVJUSUZJQ0FURS0tLS0tCk1JSURCVENDQWUyZ0F3SUJBZ0lJUy9OWGRkZVFLL2N3RFFZSktvWklodmNOQVFFTEJRQXdGVEVUTUJFR0ExVUUKQXhNS2EzVmlaWEp1WlhSbGN6QWVGdzB5TlRBME1qSXhNakk1TkRaYUZ3MHpOVEEwTWpBeE1qTTBORFphTUJVeApFekFSQmdOVkJBTVRDbXQxWW1WeWJtVjBaWE13Z2dFaU1BMEdDU3FHU0liM0RRRUJBUVVBQTRJQkR3QXdnZ0VLCkFvSUJBUURUWXU2aVNxTzVLVmJOaU5yVVJIelJnK1hCbk9VK1NQUGovRFIxNk9HOExRYi95V29TWXAzenR3TDkKNE82T091RXhzdm50L29BSW9MaExLVFgzNUJibVNIdWdQZ00zZzlkci9sbEIxK3F0d1pSY0Q1aU5sU2RzVFNXaAo3ZTI1em5PWXdVMGttaWNieVNoYitBdzlXS1pNc3ZIVTh5YTVKbGU5VzNCd0NkNEpYY1I3K3MxU2I1NjZpOHcvCnV1SExzN24zSG5lbkRud1dKcVZzeHlsb0lqTmdDUi9XOTFSemxOWHRYeDdHWDN5VUpsRnJxOHpBalVmMTAyOG0KdUQ3cmhNRGhVZGVOVlI2eHRlM0FTbEhSYTg0bEdhUEdrQ25SODBnb3Q5L25PdTNZWjJKcm44N1pNbEhBYnp2ZQpGb2lUU3IzOUt2Z3g5ZFc4YThQZktvUXJ0eGR0QWdNQkFBR2pXVEJYTUE0R0ExVWREd0VCL3dRRUF3SUNwREFQCkJnTlZIUk1CQWY4RUJUQURBUUgvTUIwR0ExVWREZ1FXQkJSaUFJa2FtQmxTK0hLYWRiSkVFNXpEbURsNlpqQVYKQmdOVkhSRUVEakFNZ2dwcmRXSmxjbTVsZEdWek1BMEdDU3FHU0liM0RRRUJDd1VBQTRJQkFRQjhONzE5M2JsbwpmaWtRZVFsb3lXbUFnY2R5ZnlJdzlYd1RHMGJpSWFrZzBxZHFqK2R0d1VkNDBhMXFHVUdLbkV2eXVLcDRhWW42CndUTmVabngwWkc2dTJvU2lhMUgyd1F3d00zbElYMjhUQVRvOGhNRE9sLzRBT1pEVU9IeXo0dlZqS1JydWRwV04KSzg5eTAxN1FkZHp0cStjWXFWME1ZRU5yeFZ4WlhCa1orVlIvaDdUcktPR1RMV3R3YnBxY3ZITUxjWHRkK2U2WAprR1BJd2VFUFJCMWNLTmdGRWZwQmh0SUIybjNFOEZwa045YkRRZkQ0bGswMnJNeXBOY0dmWUxyTGxsYXpNc3hpClFFSEhSODRqUlZoUFgrZ0x0RTFsTE1QZ2JKWWJhZVFzWWJPMzhjUmszNWlQMDhPdDFzQ0pPYXRLQ3pORDB5VjUKUkcxazZva01GdGUzCi0tLS0tRU5EIENFUlRJRklDQVRFLS0tLS0K"
              }
            ],
            "cluster_id": null,
            "compute_config": [],
            "created_at": "2025-04-22T12:30:35Z",
            "enabled_cluster_log_types": null,
            "encryption_config": [],
            "endpoint": "https://54D3A6DC7A428881EA27BF8BFB36CB12.gr7.eu-west-1.eks.amazonaws.com",
            "id": "eks_cluster_cartrawler",
            "identity": [
              {
                "oidc": [
                  {
                    "issuer": "https://oidc.eks.eu-west-1.amazonaws.com/id/54D3A6DC7A428881EA27BF8BFB36CB12"
                  }
                ]
              }
            ],
            "kubernetes_network_config": [
              {
                "elastic_load_balancing": [
                  {
                    "enabled": false
                  }
                ],
                "ip_family": "ipv4",
                "service_ipv4_cidr": "10.100.0.0/16",
                "service_ipv6_cidr": ""
              }
            ],
            "name": "eks_cluster_cartrawler",
            "outpost_config": [],
            "platform_version": "eks.8",
            "remote_network_config": [],
            "role_arn": "arn:aws:iam::396608773722:role/eks-cluster-cartrawler",
            "status": "ACTIVE",
            "storage_config": [],
            "tags": {
              "Name": "EKS_Cartrawler"
            },
            "tags_all": {
              "Name": "EKS_Cartrawler"
            },
            "timeouts": null,
            "upgrade_policy": [
              {
                "support_type": "EXTENDED"
              }
            ],
            "version": "1.32",
            "vpc_config": [
              {
                "cluster_security_group_id": "sg-0e5aa568f140883eb",
                "endpoint_private_access": false,
                "endpoint_public_access": true,
                "public_access_cidrs": [
                  "0.0.0.0/0"
                ],
                "security_group_ids": null,
                "subnet_ids": [
                  "subnet-00ba4f66dc26bcc8f",
                  "subnet-0f956ed4384bb8fbb"
                ],
                "vpc_id": "vpc-08f50fb8388b99647"
              }
            ],
            "zonal_shift_config": []
          },
          "sensitive_attributes": [],
          "private": "eyJlMmJmYjczMC1lY2FhLTExZTYtOGY4OC0zNDM2M2JjN2M0YzAiOnsiY3JlYXRlIjoxODAwMDAwMDAwMDAwLCJkZWxldGUiOjkwMDAwMDAwMDAwMCwidXBkYXRlIjozNjAwMDAwMDAwMDAwfSwic2NoZW1hX3ZlcnNpb24iOiIxIn0=",
          "dependencies": [
            "aws_iam_role.eks_cluster"
          ]
        }
      ]
    },
    {
      "mode": "managed",
      "type": "aws_eks_node_group",
      "name": "node",
      "provider": "provider[\"registry.terraform.io/hashicorp/aws\"]",
      "instances": [
        {
          "schema_version": 0,
          "attributes": {
            "ami_type": "AL2023_x86_64_STANDARD",
            "arn": "arn:aws:eks:eu-west-1:396608773722:nodegroup/eks_cluster_cartrawler/node_cartrawler/5ecb2ec0-582a-d675-a08c-3cfb044a36d9",
            "capacity_type": "ON_DEMAND",
            "cluster_name": "eks_cluster_cartrawler",
            "disk_size": 20,
            "force_update_version": null,
            "id": "eks_cluster_cartrawler:node_cartrawler",
            "instance_types": [
              "t2.medium"
            ],
            "labels": null,
            "launch_template": [],
            "node_group_name": "node_cartrawler",
            "node_group_name_prefix": "",
            "node_repair_config": [],
            "node_role_arn": "arn:aws:iam::396608773722:role/eks-node-group-cartrawler",
            "release_version": "1.32.1-20250410",
            "remote_access": [],
            "resources": [
              {
                "autoscaling_groups": [
                  {
                    "name": "eks-node_cartrawler-5ecb2ec0-582a-d675-a08c-3cfb044a36d9"
                  }
                ],
                "remote_access_security_group_id": ""
              }
            ],
            "scaling_config": [
              {
                "desired_size": 2,
                "max_size": 3,
                "min_size": 1
              }
            ],
            "status": "ACTIVE",
            "subnet_ids": [
              "subnet-00ba4f66dc26bcc8f",
              "subnet-0f956ed4384bb8fbb"
            ],
            "tags": null,
            "tags_all": {},
            "taint": [],
            "timeouts": null,
            "update_config": [
              {
                "max_unavailable": 1,
                "max_unavailable_percentage": 0
              }
            ],
            "version": "1.32"
          },
          "sensitive_attributes": [],
          "private": "eyJlMmJmYjczMC1lY2FhLTExZTYtOGY4OC0zNDM2M2JjN2M0YzAiOnsiY3JlYXRlIjozNjAwMDAwMDAwMDAwLCJkZWxldGUiOjM2MDAwMDAwMDAwMDAsInVwZGF0ZSI6MzYwMDAwMDAwMDAwMH19",
          "dependencies": [
            "aws_eks_cluster.aws_eks",
            "aws_iam_role.eks_cluster",
            "aws_iam_role.eks_nodes",
            "aws_iam_role_policy_attachment.AmazonEC2ContainerRegistryReadOnly",
            "aws_iam_role_policy_attachment.AmazonEKSWorkerNodePolicy",
            "aws_iam_role_policy_attachment.AmazonEKS_CNI_Policy"
          ]
        }
      ]
    },
    {
      "mode": "managed",
      "type": "aws_iam_role",
      "name": "eks_cluster",
      "provider": "provider[\"registry.terraform.io/hashicorp/aws\"]",
      "instances": [
        {
          "schema_version": 0,
          "attributes": {
            "arn": "arn:aws:iam::396608773722:role/eks-cluster-cartrawler",
            "assume_role_policy": "{\"Statement\":[{\"Action\":\"sts:AssumeRole\",\"Effect\":\"Allow\",\"Principal\":{\"Service\":\"eks.amazonaws.com\"}}],\"Version\":\"2012-10-17\"}",
            "create_date": "2025-04-22T12:30:33Z",
            "description": "",
            "force_detach_policies": false,
            "id": "eks-cluster-cartrawler",
            "inline_policy": [],
            "managed_policy_arns": [],
            "max_session_duration": 3600,
            "name": "eks-cluster-cartrawler",
            "name_prefix": "",
            "path": "/",
            "permissions_boundary": "",
            "tags": null,
            "tags_all": {},
            "unique_id": "AROAVYV5ZTZNKQRDQNSOD"
          },
          "sensitive_attributes": [],
          "private": "bnVsbA=="
        }
      ]
    },
    {
      "mode": "managed",
      "type": "aws_iam_role",
      "name": "eks_nodes",
      "provider": "provider[\"registry.terraform.io/hashicorp/aws\"]",
      "instances": [
        {
          "schema_version": 0,
          "attributes": {
            "arn": "arn:aws:iam::396608773722:role/eks-node-group-cartrawler",
            "assume_role_policy": "{\"Statement\":[{\"Action\":\"sts:AssumeRole\",\"Effect\":\"Allow\",\"Principal\":{\"Service\":\"ec2.amazonaws.com\"}}],\"Version\":\"2012-10-17\"}",
            "create_date": "2025-04-22T12:30:33Z",
            "description": "",
            "force_detach_policies": false,
            "id": "eks-node-group-cartrawler",
            "inline_policy": [],
            "managed_policy_arns": [],
            "max_session_duration": 3600,
            "name": "eks-node-group-cartrawler",
            "name_prefix": "",
            "path": "/",
            "permissions_boundary": "",
            "tags": null,
            "tags_all": {},
            "unique_id": "AROAVYV5ZTZNM22VUPR6T"
          },
          "sensitive_attributes": [],
          "private": "bnVsbA=="
        }
      ]
    },
    {
      "mode": "managed",
      "type": "aws_iam_role_policy_attachment",
      "name": "AdministratorAccess",
      "provider": "provider[\"registry.terraform.io/hashicorp/aws\"]",
      "instances": [
        {
          "schema_version": 0,
          "attributes": {
            "id": "eks-cluster-cartrawler-20250422123034208800000004",
            "policy_arn": "arn:aws:iam::aws:policy/AdministratorAccess",
            "role": "eks-cluster-cartrawler"
          },
          "sensitive_attributes": [],
          "private": "bnVsbA==",
          "dependencies": [
            "aws_iam_role.eks_cluster"
          ]
        }
      ]
    },
    {
      "mode": "managed",
      "type": "aws_iam_role_policy_attachment",
      "name": "AmazonEC2ContainerRegistryReadOnly",
      "provider": "provider[\"registry.terraform.io/hashicorp/aws\"]",
      "instances": [
        {
          "schema_version": 0,
          "attributes": {
            "id": "eks-node-group-cartrawler-20250422123034189800000003",
            "policy_arn": "arn:aws:iam::aws:policy/AmazonEC2ContainerRegistryReadOnly",
            "role": "eks-node-group-cartrawler"
          },
          "sensitive_attributes": [],
          "private": "bnVsbA==",
          "dependencies": [
            "aws_iam_role.eks_nodes"
          ]
        }
      ]
    },
    {
      "mode": "managed",
      "type": "aws_iam_role_policy_attachment",
      "name": "AmazonEKSClusterPolicy",
      "provider": "provider[\"registry.terraform.io/hashicorp/aws\"]",
      "instances": [
        {
          "schema_version": 0,
          "attributes": {
            "id": "eks-cluster-cartrawler-20250422123034301400000005",
            "policy_arn": "arn:aws:iam::aws:policy/AmazonEKSClusterPolicy",
            "role": "eks-cluster-cartrawler"
          },
          "sensitive_attributes": [],
          "private": "bnVsbA==",
          "dependencies": [
            "aws_iam_role.eks_cluster"
          ]
        }
      ]
    },
    {
      "mode": "managed",
      "type": "aws_iam_role_policy_attachment",
      "name": "AmazonEKSServicePolicy",
      "provider": "provider[\"registry.terraform.io/hashicorp/aws\"]",
      "instances": [
        {
          "schema_version": 0,
          "attributes": {
            "id": "eks-cluster-cartrawler-20250422123034319800000006",
            "policy_arn": "arn:aws:iam::aws:policy/AmazonEKSServicePolicy",
            "role": "eks-cluster-cartrawler"
          },
          "sensitive_attributes": [],
          "private": "bnVsbA==",
          "dependencies": [
            "aws_iam_role.eks_cluster"
          ]
        }
      ]
    },
    {
      "mode": "managed",
      "type": "aws_iam_role_policy_attachment",
      "name": "AmazonEKSWorkerNodePolicy",
      "provider": "provider[\"registry.terraform.io/hashicorp/aws\"]",
      "instances": [
        {
          "schema_version": 0,
          "attributes": {
            "id": "eks-node-group-cartrawler-20250422123034030200000002",
            "policy_arn": "arn:aws:iam::aws:policy/AmazonEKSWorkerNodePolicy",
            "role": "eks-node-group-cartrawler"
          },
          "sensitive_attributes": [],
          "private": "bnVsbA==",
          "dependencies": [
            "aws_iam_role.eks_nodes"
          ]
        }
      ]
    },
    {
      "mode": "managed",
      "type": "aws_iam_role_policy_attachment",
      "name": "AmazonEKS_CNI_Policy",
      "provider": "provider[\"registry.terraform.io/hashicorp/aws\"]",
      "instances": [
        {
          "schema_version": 0,
          "attributes": {
            "id": "eks-node-group-cartrawler-20250422123034009300000001",
            "policy_arn": "arn:aws:iam::aws:policy/AmazonEKS_CNI_Policy",
            "role": "eks-node-group-cartrawler"
          },
          "sensitive_attributes": [],
          "private": "bnVsbA==",
          "dependencies": [
            "aws_iam_role.eks_nodes"
          ]
        }
      ]
    }
  ],
  "check_results": null
}
